
Microsoft Visual Studio Solution File, Format Version 12.00
# Visual Studio Version 17
VisualStudioVersion = 17.10.34928.147
MinimumVisualStudioVersion = 10.0.40219.1
Project("{9A19103F-16F7-4668-BE54-9A1E7A4F7556}") = "TunifyPrj", "TunifyPrj\TunifyPrj.csproj", "{954AE00A-0ACA-4ED6-82FF-9D72B32EA795}"
EndProject
Project("{FAE04EC0-301F-11D3-BF4B-00C04F79EFBC}") = "TunifyTests", "TunifyTests\TunifyTests.csproj", "{2E69436D-679C-4444-9539-8B5A3D0CBFD7}"
EndProject
Global
	GlobalSection(SolutionConfigurationPlatforms) = preSolution
		Debug|Any CPU = Debug|Any CPU
		Release|Any CPU = Release|Any CPU
	EndGlobalSection
	GlobalSection(ProjectConfigurationPlatforms) = postSolution
		{954AE00A-0ACA-4ED6-82FF-9D72B32EA795}.Debug|Any CPU.ActiveCfg = Debug|Any CPU
		{954AE00A-0ACA-4ED6-82FF-9D72B32EA795}.Debug|Any CPU.Build.0 = Debug|Any CPU
		{954AE00A-0ACA-4ED6-82FF-9D72B32EA795}.Release|Any CPU.ActiveCfg = Release|Any CPU
		{954AE00A-0ACA-4ED6-82FF-9D72B32EA795}.Release|Any CPU.Build.0 = Release|Any CPU
		{2E69436D-679C-4444-9539-8B5A3D0CBFD7}.Debug|Any CPU.ActiveCfg = Debug|Any CPU
		{2E69436D-679C-4444-9539-8B5A3D0CBFD7}.Debug|Any CPU.Build.0 = Debug|Any CPU
		{2E69436D-679C-4444-9539-8B5A3D0CBFD7}.Release|Any CPU.ActiveCfg = Release|Any CPU
		{2E69436D-679C-4444-9539-8B5A3D0CBFD7}.Release|Any CPU.Build.0 = Release|Any CPU
	EndGlobalSection
	GlobalSection(SolutionProperties) = preSolution
		HideSolutionNode = FALSE
	EndGlobalSection
	GlobalSection(ExtensibilityGlobals) = postSolution
		SolutionGuid = {48EA3B10-8BEC-4141-BF9E-15D8CFF61B7A}
	EndGlobalSection
EndGlobal
